
Microsoft Visual Studio Solution File, Format Version 12.00
# Visual Studio Version 17
VisualStudioVersion = 17.8.34511.84
MinimumVisualStudioVersion = 10.0.40219.1
Project("{9A19103F-16F7-4668-BE54-9A1E7A4F7556}") = "GettingStarted-UST", "GettingStarted-UST\GettingStarted-UST.csproj", "{A5FA325C-BD4E-409F-8FD0-8A4D7FA54CE5}"
EndProject
Project("{9A19103F-16F7-4668-BE54-9A1E7A4F7556}") = "MyLIbrary", "MyLIbrary\MyLIbrary.csproj", "{EDE875E4-404F-4A7D-84EA-C9357A3334D4}"
EndProject
Project("{9A19103F-16F7-4668-BE54-9A1E7A4F7556}") = "Test-GettingStarted", "Test-GettingStarted\Test-GettingStarted.csproj", "{50131221-1495-4CF8-B7A8-A6FFE46F8188}"
EndProject
Project("{9A19103F-16F7-4668-BE54-9A1E7A4F7556}") = "StorePet", "StorePet\StorePet.csproj", "{911656E3-A607-46BC-B653-3B1C92C1E688}"
EndProject
Project("{9A19103F-16F7-4668-BE54-9A1E7A4F7556}") = "ImplementationPetStore", "ImplementationPetStore\ImplementationPetStore.csproj", "{E7AA5E64-0ADC-49E0-B604-CD1B6059909B}"
EndProject
Project("{9A19103F-16F7-4668-BE54-9A1E7A4F7556}") = "HerokuAppOperations", "HerokuAppOperations\HerokuAppOperations.csproj", "{612DC07B-273C-4D70-B344-4BDDC11294AB}"
EndProject
Project("{9A19103F-16F7-4668-BE54-9A1E7A4F7556}") = "HerokuAppWebdriverImplementation", "HerokuAppWebDriverImplementation\HerokuAppWebdriverImplementation.csproj", "{AB26A570-EDE8-40B8-8392-D1392A797C5B}"
EndProject
Project("{9A19103F-16F7-4668-BE54-9A1E7A4F7556}") = "Test-HerokuApp", "Test-HerokuApp\Test-HerokuApp.csproj", "{48E4B786-C2B1-429A-AFE5-0EBFB275D608}"
EndProject
Project("{9A19103F-16F7-4668-BE54-9A1E7A4F7556}") = "AcceptanceTests", "AcceptanceTests\AcceptanceTests.csproj", "{F3F344A6-466B-4590-AB0B-2EEE648544EE}"
EndProject
Project("{9A19103F-16F7-4668-BE54-9A1E7A4F7556}") = "WebdriverDotnet", "WebdriverDotnet\WebdriverDotnet.csproj", "{02AC4553-7F1B-4AF3-BC83-9F9707CC9219}"
EndProject
Global
	GlobalSection(SolutionConfigurationPlatforms) = preSolution
		Debug|Any CPU = Debug|Any CPU
		Release|Any CPU = Release|Any CPU
	EndGlobalSection
	GlobalSection(ProjectConfigurationPlatforms) = postSolution
		{A5FA325C-BD4E-409F-8FD0-8A4D7FA54CE5}.Debug|Any CPU.ActiveCfg = Debug|Any CPU
		{A5FA325C-BD4E-409F-8FD0-8A4D7FA54CE5}.Debug|Any CPU.Build.0 = Debug|Any CPU
		{A5FA325C-BD4E-409F-8FD0-8A4D7FA54CE5}.Release|Any CPU.ActiveCfg = Release|Any CPU
		{A5FA325C-BD4E-409F-8FD0-8A4D7FA54CE5}.Release|Any CPU.Build.0 = Release|Any CPU
		{EDE875E4-404F-4A7D-84EA-C9357A3334D4}.Debug|Any CPU.ActiveCfg = Debug|Any CPU
		{EDE875E4-404F-4A7D-84EA-C9357A3334D4}.Debug|Any CPU.Build.0 = Debug|Any CPU
		{EDE875E4-404F-4A7D-84EA-C9357A3334D4}.Release|Any CPU.ActiveCfg = Release|Any CPU
		{EDE875E4-404F-4A7D-84EA-C9357A3334D4}.Release|Any CPU.Build.0 = Release|Any CPU
		{50131221-1495-4CF8-B7A8-A6FFE46F8188}.Debug|Any CPU.ActiveCfg = Debug|Any CPU
		{50131221-1495-4CF8-B7A8-A6FFE46F8188}.Debug|Any CPU.Build.0 = Debug|Any CPU
		{50131221-1495-4CF8-B7A8-A6FFE46F8188}.Release|Any CPU.ActiveCfg = Release|Any CPU
		{50131221-1495-4CF8-B7A8-A6FFE46F8188}.Release|Any CPU.Build.0 = Release|Any CPU
		{911656E3-A607-46BC-B653-3B1C92C1E688}.Debug|Any CPU.ActiveCfg = Debug|Any CPU
		{911656E3-A607-46BC-B653-3B1C92C1E688}.Debug|Any CPU.Build.0 = Debug|Any CPU
		{911656E3-A607-46BC-B653-3B1C92C1E688}.Release|Any CPU.ActiveCfg = Release|Any CPU
		{911656E3-A607-46BC-B653-3B1C92C1E688}.Release|Any CPU.Build.0 = Release|Any CPU
		{E7AA5E64-0ADC-49E0-B604-CD1B6059909B}.Debug|Any CPU.ActiveCfg = Debug|Any CPU
		{E7AA5E64-0ADC-49E0-B604-CD1B6059909B}.Debug|Any CPU.Build.0 = Debug|Any CPU
		{E7AA5E64-0ADC-49E0-B604-CD1B6059909B}.Release|Any CPU.ActiveCfg = Release|Any CPU
		{E7AA5E64-0ADC-49E0-B604-CD1B6059909B}.Release|Any CPU.Build.0 = Release|Any CPU
		{612DC07B-273C-4D70-B344-4BDDC11294AB}.Debug|Any CPU.ActiveCfg = Debug|Any CPU
		{612DC07B-273C-4D70-B344-4BDDC11294AB}.Debug|Any CPU.Build.0 = Debug|Any CPU
		{612DC07B-273C-4D70-B344-4BDDC11294AB}.Release|Any CPU.ActiveCfg = Release|Any CPU
		{612DC07B-273C-4D70-B344-4BDDC11294AB}.Release|Any CPU.Build.0 = Release|Any CPU
		{AB26A570-EDE8-40B8-8392-D1392A797C5B}.Debug|Any CPU.ActiveCfg = Debug|Any CPU
		{AB26A570-EDE8-40B8-8392-D1392A797C5B}.Debug|Any CPU.Build.0 = Debug|Any CPU
		{AB26A570-EDE8-40B8-8392-D1392A797C5B}.Release|Any CPU.ActiveCfg = Release|Any CPU
		{AB26A570-EDE8-40B8-8392-D1392A797C5B}.Release|Any CPU.Build.0 = Release|Any CPU
		{48E4B786-C2B1-429A-AFE5-0EBFB275D608}.Debug|Any CPU.ActiveCfg = Debug|Any CPU
		{48E4B786-C2B1-429A-AFE5-0EBFB275D608}.Debug|Any CPU.Build.0 = Debug|Any CPU
		{48E4B786-C2B1-429A-AFE5-0EBFB275D608}.Release|Any CPU.ActiveCfg = Release|Any CPU
		{48E4B786-C2B1-429A-AFE5-0EBFB275D608}.Release|Any CPU.Build.0 = Release|Any CPU
		{F3F344A6-466B-4590-AB0B-2EEE648544EE}.Debug|Any CPU.ActiveCfg = Debug|Any CPU
		{F3F344A6-466B-4590-AB0B-2EEE648544EE}.Debug|Any CPU.Build.0 = Debug|Any CPU
		{F3F344A6-466B-4590-AB0B-2EEE648544EE}.Release|Any CPU.ActiveCfg = Release|Any CPU
		{F3F344A6-466B-4590-AB0B-2EEE648544EE}.Release|Any CPU.Build.0 = Release|Any CPU
		{02AC4553-7F1B-4AF3-BC83-9F9707CC9219}.Debug|Any CPU.ActiveCfg = Debug|Any CPU
		{02AC4553-7F1B-4AF3-BC83-9F9707CC9219}.Debug|Any CPU.Build.0 = Debug|Any CPU
		{02AC4553-7F1B-4AF3-BC83-9F9707CC9219}.Release|Any CPU.ActiveCfg = Release|Any CPU
		{02AC4553-7F1B-4AF3-BC83-9F9707CC9219}.Release|Any CPU.Build.0 = Release|Any CPU
	EndGlobalSection
	GlobalSection(SolutionProperties) = preSolution
		HideSolutionNode = FALSE
	EndGlobalSection
	GlobalSection(ExtensibilityGlobals) = postSolution
		SolutionGuid = {0E7EB664-434B-43BD-87E1-BB3DDF414CC3}
	EndGlobalSection
EndGlobal
