
Microsoft Visual Studio Solution File, Format Version 12.00
# Visual Studio Version 17
VisualStudioVersion = 17.8.34511.84
MinimumVisualStudioVersion = 10.0.40219.1
Project("{9A19103F-16F7-4668-BE54-9A1E7A4F7556}") = "GettingStarted-UST", "GettingStarted-UST\GettingStarted-UST.csproj", "{A5FA325C-BD4E-409F-8FD0-8A4D7FA54CE5}"
EndProject
Project("{9A19103F-16F7-4668-BE54-9A1E7A4F7556}") = "MyLIbrary", "MyLIbrary\MyLIbrary.csproj", "{EDE875E4-404F-4A7D-84EA-C9357A3334D4}"
EndProject
Project("{9A19103F-16F7-4668-BE54-9A1E7A4F7556}") = "Test-GettingStarted", "Test-GettingStarted\Test-GettingStarted.csproj", "{50131221-1495-4CF8-B7A8-A6FFE46F8188}"
EndProject
Project("{9A19103F-16F7-4668-BE54-9A1E7A4F7556}") = "WebdriverDotnet", "WebdriverDotnet\WebdriverDotnet.csproj", "{7BA4B7AE-D9D4-4DFC-AD6B-15590A7D742A}"
EndProject
Project("{9A19103F-16F7-4668-BE54-9A1E7A4F7556}") = "HerokuAppOperations", "HerokuAppOperations\HerokuAppOperations.csproj", "{5D55DC41-B727-47AC-9DC2-553F0913D78A}"
EndProject
Project("{9A19103F-16F7-4668-BE54-9A1E7A4F7556}") = "TestHerokuApp", "TestHerokuApp\TestHerokuApp.csproj", "{D9B346FC-18AA-478F-ABA7-CC56D8563560}"
EndProject
Project("{FAE04EC0-301F-11D3-BF4B-00C04F79EFBC}") = "HerokuWebdriverImplemention", "HerokuWebdriverImplemention\HerokuWebdriverImplemention.csproj", "{0A947F70-4D22-475C-87F0-324E70002589}"
EndProject
Global
	GlobalSection(SolutionConfigurationPlatforms) = preSolution
		Debug|Any CPU = Debug|Any CPU
		Release|Any CPU = Release|Any CPU
	EndGlobalSection
	GlobalSection(ProjectConfigurationPlatforms) = postSolution
		{A5FA325C-BD4E-409F-8FD0-8A4D7FA54CE5}.Debug|Any CPU.ActiveCfg = Debug|Any CPU
		{A5FA325C-BD4E-409F-8FD0-8A4D7FA54CE5}.Debug|Any CPU.Build.0 = Debug|Any CPU
		{A5FA325C-BD4E-409F-8FD0-8A4D7FA54CE5}.Release|Any CPU.ActiveCfg = Release|Any CPU
		{A5FA325C-BD4E-409F-8FD0-8A4D7FA54CE5}.Release|Any CPU.Build.0 = Release|Any CPU
		{EDE875E4-404F-4A7D-84EA-C9357A3334D4}.Debug|Any CPU.ActiveCfg = Debug|Any CPU
		{EDE875E4-404F-4A7D-84EA-C9357A3334D4}.Debug|Any CPU.Build.0 = Debug|Any CPU
		{EDE875E4-404F-4A7D-84EA-C9357A3334D4}.Release|Any CPU.ActiveCfg = Release|Any CPU
		{EDE875E4-404F-4A7D-84EA-C9357A3334D4}.Release|Any CPU.Build.0 = Release|Any CPU
		{50131221-1495-4CF8-B7A8-A6FFE46F8188}.Debug|Any CPU.ActiveCfg = Debug|Any CPU
		{50131221-1495-4CF8-B7A8-A6FFE46F8188}.Debug|Any CPU.Build.0 = Debug|Any CPU
		{50131221-1495-4CF8-B7A8-A6FFE46F8188}.Release|Any CPU.ActiveCfg = Release|Any CPU
		{50131221-1495-4CF8-B7A8-A6FFE46F8188}.Release|Any CPU.Build.0 = Release|Any CPU
		{7BA4B7AE-D9D4-4DFC-AD6B-15590A7D742A}.Debug|Any CPU.ActiveCfg = Debug|Any CPU
		{7BA4B7AE-D9D4-4DFC-AD6B-15590A7D742A}.Debug|Any CPU.Build.0 = Debug|Any CPU
		{7BA4B7AE-D9D4-4DFC-AD6B-15590A7D742A}.Release|Any CPU.ActiveCfg = Release|Any CPU
		{7BA4B7AE-D9D4-4DFC-AD6B-15590A7D742A}.Release|Any CPU.Build.0 = Release|Any CPU
		{5D55DC41-B727-47AC-9DC2-553F0913D78A}.Debug|Any CPU.ActiveCfg = Debug|Any CPU
		{5D55DC41-B727-47AC-9DC2-553F0913D78A}.Debug|Any CPU.Build.0 = Debug|Any CPU
		{5D55DC41-B727-47AC-9DC2-553F0913D78A}.Release|Any CPU.ActiveCfg = Release|Any CPU
		{5D55DC41-B727-47AC-9DC2-553F0913D78A}.Release|Any CPU.Build.0 = Release|Any CPU
		{D9B346FC-18AA-478F-ABA7-CC56D8563560}.Debug|Any CPU.ActiveCfg = Debug|Any CPU
		{D9B346FC-18AA-478F-ABA7-CC56D8563560}.Debug|Any CPU.Build.0 = Debug|Any CPU
		{D9B346FC-18AA-478F-ABA7-CC56D8563560}.Release|Any CPU.ActiveCfg = Release|Any CPU
		{D9B346FC-18AA-478F-ABA7-CC56D8563560}.Release|Any CPU.Build.0 = Release|Any CPU
		{0A947F70-4D22-475C-87F0-324E70002589}.Debug|Any CPU.ActiveCfg = Debug|Any CPU
		{0A947F70-4D22-475C-87F0-324E70002589}.Debug|Any CPU.Build.0 = Debug|Any CPU
		{0A947F70-4D22-475C-87F0-324E70002589}.Release|Any CPU.ActiveCfg = Release|Any CPU
		{0A947F70-4D22-475C-87F0-324E70002589}.Release|Any CPU.Build.0 = Release|Any CPU
	EndGlobalSection
	GlobalSection(SolutionProperties) = preSolution
		HideSolutionNode = FALSE
	EndGlobalSection
	GlobalSection(ExtensibilityGlobals) = postSolution
		SolutionGuid = {0E7EB664-434B-43BD-87E1-BB3DDF414CC3}
	EndGlobalSection
EndGlobal
