
Microsoft Visual Studio Solution File, Format Version 12.00
# Visual Studio Version 17
VisualStudioVersion = 17.9.34723.18
MinimumVisualStudioVersion = 10.0.40219.1
Project("{FAE04EC0-301F-11D3-BF4B-00C04F79EFBC}") = "PetStore_Project", "PetStore_Project.csproj", "{10C6E731-E894-4BB4-9B7C-37556C98842C}"
EndProject
Global
	GlobalSection(SolutionConfigurationPlatforms) = preSolution
		Debug|Any CPU = Debug|Any CPU
		Release|Any CPU = Release|Any CPU
	EndGlobalSection
	GlobalSection(ProjectConfigurationPlatforms) = postSolution
		{10C6E731-E894-4BB4-9B7C-37556C98842C}.Debug|Any CPU.ActiveCfg = Debug|Any CPU
		{10C6E731-E894-4BB4-9B7C-37556C98842C}.Debug|Any CPU.Build.0 = Debug|Any CPU
		{10C6E731-E894-4BB4-9B7C-37556C98842C}.Release|Any CPU.ActiveCfg = Release|Any CPU
		{10C6E731-E894-4BB4-9B7C-37556C98842C}.Release|Any CPU.Build.0 = Release|Any CPU
	EndGlobalSection
	GlobalSection(SolutionProperties) = preSolution
		HideSolutionNode = FALSE
	EndGlobalSection
	GlobalSection(ExtensibilityGlobals) = postSolution
		SolutionGuid = {0B66FF74-33A7-4D0B-AF21-DA6D72B39A55}
	EndGlobalSection
EndGlobal
