
Microsoft Visual Studio Solution File, Format Version 12.00
# Visual Studio Version 17
VisualStudioVersion = 17.9.34714.143
MinimumVisualStudioVersion = 10.0.40219.1
Project("{9A19103F-16F7-4668-BE54-9A1E7A4F7556}") = "InitialProgram", "InitialProgram\InitialProgram.csproj", "{3C6FAC75-8FE8-4B26-8E70-408FB66A135C}"
EndProject
Project("{9A19103F-16F7-4668-BE54-9A1E7A4F7556}") = "PoohLibrary", "PoohLibrary\PoohLibrary.csproj", "{372E51B3-26C6-44DB-88A2-87F035331B32}"
EndProject
Project("{9A19103F-16F7-4668-BE54-9A1E7A4F7556}") = "Test_InitialProgram", "Test-InitialProgram\Test_InitialProgram.csproj", "{46226537-C8B3-4A0B-A756-2EFE768B0260}"
EndProject
Global
	GlobalSection(SolutionConfigurationPlatforms) = preSolution
		Debug|Any CPU = Debug|Any CPU
		Release|Any CPU = Release|Any CPU
	EndGlobalSection
	GlobalSection(ProjectConfigurationPlatforms) = postSolution
		{3C6FAC75-8FE8-4B26-8E70-408FB66A135C}.Debug|Any CPU.ActiveCfg = Debug|Any CPU
		{3C6FAC75-8FE8-4B26-8E70-408FB66A135C}.Debug|Any CPU.Build.0 = Debug|Any CPU
		{3C6FAC75-8FE8-4B26-8E70-408FB66A135C}.Release|Any CPU.ActiveCfg = Release|Any CPU
		{3C6FAC75-8FE8-4B26-8E70-408FB66A135C}.Release|Any CPU.Build.0 = Release|Any CPU
		{372E51B3-26C6-44DB-88A2-87F035331B32}.Debug|Any CPU.ActiveCfg = Debug|Any CPU
		{372E51B3-26C6-44DB-88A2-87F035331B32}.Debug|Any CPU.Build.0 = Debug|Any CPU
		{372E51B3-26C6-44DB-88A2-87F035331B32}.Release|Any CPU.ActiveCfg = Release|Any CPU
		{372E51B3-26C6-44DB-88A2-87F035331B32}.Release|Any CPU.Build.0 = Release|Any CPU
		{46226537-C8B3-4A0B-A756-2EFE768B0260}.Debug|Any CPU.ActiveCfg = Debug|Any CPU
		{46226537-C8B3-4A0B-A756-2EFE768B0260}.Debug|Any CPU.Build.0 = Debug|Any CPU
		{46226537-C8B3-4A0B-A756-2EFE768B0260}.Release|Any CPU.ActiveCfg = Release|Any CPU
		{46226537-C8B3-4A0B-A756-2EFE768B0260}.Release|Any CPU.Build.0 = Release|Any CPU
	EndGlobalSection
	GlobalSection(SolutionProperties) = preSolution
		HideSolutionNode = FALSE
	EndGlobalSection
	GlobalSection(ExtensibilityGlobals) = postSolution
		SolutionGuid = {0CEC5C6A-BD20-4CBD-9219-CB4AECADBACA}
	EndGlobalSection
EndGlobal
