
Microsoft Visual Studio Solution File, Format Version 12.00
# Visual Studio Version 17
VisualStudioVersion = 17.9.34714.143
MinimumVisualStudioVersion = 10.0.40219.1
Project("{9A19103F-16F7-4668-BE54-9A1E7A4F7556}") = "MyAndroidAutomation", "MyAndroidAutomation\MyAndroidAutomation.csproj", "{A6B345DA-F57B-46CC-925D-21A7AA6598F0}"
EndProject
Project("{FAE04EC0-301F-11D3-BF4B-00C04F79EFBC}") = "TestAndroid", "TestAndroid\TestAndroid.csproj", "{B92B8CCE-D59C-4F47-A9C3-37CE274FD0AD}"
EndProject
Global
	GlobalSection(SolutionConfigurationPlatforms) = preSolution
		Debug|Any CPU = Debug|Any CPU
		Release|Any CPU = Release|Any CPU
	EndGlobalSection
	GlobalSection(ProjectConfigurationPlatforms) = postSolution
		{A6B345DA-F57B-46CC-925D-21A7AA6598F0}.Debug|Any CPU.ActiveCfg = Debug|Any CPU
		{A6B345DA-F57B-46CC-925D-21A7AA6598F0}.Debug|Any CPU.Build.0 = Debug|Any CPU
		{A6B345DA-F57B-46CC-925D-21A7AA6598F0}.Release|Any CPU.ActiveCfg = Release|Any CPU
		{A6B345DA-F57B-46CC-925D-21A7AA6598F0}.Release|Any CPU.Build.0 = Release|Any CPU
		{B92B8CCE-D59C-4F47-A9C3-37CE274FD0AD}.Debug|Any CPU.ActiveCfg = Debug|Any CPU
		{B92B8CCE-D59C-4F47-A9C3-37CE274FD0AD}.Debug|Any CPU.Build.0 = Debug|Any CPU
		{B92B8CCE-D59C-4F47-A9C3-37CE274FD0AD}.Release|Any CPU.ActiveCfg = Release|Any CPU
		{B92B8CCE-D59C-4F47-A9C3-37CE274FD0AD}.Release|Any CPU.Build.0 = Release|Any CPU
	EndGlobalSection
	GlobalSection(SolutionProperties) = preSolution
		HideSolutionNode = FALSE
	EndGlobalSection
	GlobalSection(ExtensibilityGlobals) = postSolution
		SolutionGuid = {1F3105B7-D08F-4D88-9901-B3F1090BE8EF}
	EndGlobalSection
EndGlobal
